
Microsoft Visual Studio Solution File, Format Version 12.00
# Visual Studio Version 17
VisualStudioVersion = 17.5.33502.453
MinimumVisualStudioVersion = 10.0.40219.1
Project("{FAE04EC0-301F-11D3-BF4B-00C04F79EFBC}") = "StockTickerAPI", "StockTickerAPI\StockTickerAPI.csproj", "{F7DAEAF3-ABD0-4E96-9C39-7D69E2913642}"
EndProject
Global
	GlobalSection(SolutionConfigurationPlatforms) = preSolution
		Debug|Any CPU = Debug|Any CPU
		Release|Any CPU = Release|Any CPU
	EndGlobalSection
	GlobalSection(ProjectConfigurationPlatforms) = postSolution
		{F7DAEAF3-ABD0-4E96-9C39-7D69E2913642}.Debug|Any CPU.ActiveCfg = Debug|Any CPU
		{F7DAEAF3-ABD0-4E96-9C39-7D69E2913642}.Debug|Any CPU.Build.0 = Debug|Any CPU
		{F7DAEAF3-ABD0-4E96-9C39-7D69E2913642}.Release|Any CPU.ActiveCfg = Release|Any CPU
		{F7DAEAF3-ABD0-4E96-9C39-7D69E2913642}.Release|Any CPU.Build.0 = Release|Any CPU
	EndGlobalSection
	GlobalSection(SolutionProperties) = preSolution
		HideSolutionNode = FALSE
	EndGlobalSection
	GlobalSection(ExtensibilityGlobals) = postSolution
		SolutionGuid = {5A4FAD96-E4BC-4924-9D4E-3FB007236E76}
	EndGlobalSection
EndGlobal
